
Microsoft Visual Studio Solution File, Format Version 12.00
# Visual Studio 15
VisualStudioVersion = 15.0.27130.2027
MinimumVisualStudioVersion = 10.0.40219.1
Project("{FAE04EC0-301F-11D3-BF4B-00C04F79EFBC}") = "PasswordEncryption", "PasswordEncryption\PasswordEncryption.csproj", "{43B38CEF-45B6-488A-8CCF-8462E7F43D38}"
EndProject
Global
	GlobalSection(SolutionConfigurationPlatforms) = preSolution
		Debug|Any CPU = Debug|Any CPU
		Release|Any CPU = Release|Any CPU
	EndGlobalSection
	GlobalSection(ProjectConfigurationPlatforms) = postSolution
		{43B38CEF-45B6-488A-8CCF-8462E7F43D38}.Debug|Any CPU.ActiveCfg = Debug|Any CPU
		{43B38CEF-45B6-488A-8CCF-8462E7F43D38}.Debug|Any CPU.Build.0 = Debug|Any CPU
		{43B38CEF-45B6-488A-8CCF-8462E7F43D38}.Release|Any CPU.ActiveCfg = Release|Any CPU
		{43B38CEF-45B6-488A-8CCF-8462E7F43D38}.Release|Any CPU.Build.0 = Release|Any CPU
	EndGlobalSection
	GlobalSection(SolutionProperties) = preSolution
		HideSolutionNode = FALSE
	EndGlobalSection
	GlobalSection(ExtensibilityGlobals) = postSolution
		SolutionGuid = {817C4DFA-1E87-4D12-941C-43D51EB25BA8}
	EndGlobalSection
EndGlobal
